// !$*UTF8*$!
{
	archiveVersion = 1;
	classes = {
	};
	objectVersion = 77;
	objects = {

/* Begin PBXBuildFile section */
		22F837F5A55C486AB0F0F200 /* Tests/ThreadCanvasLayoutTests.swift in Sources */ = {isa = PBXBuildFile; fileRef = C6A460031A694DB9BB57CE72 /* Tests/ThreadCanvasLayoutTests.swift */; };
		5AD11B042EBCAC2100881D51 /* MailHelperExtension.appex in Embed Foundation Extensions */ = {isa = PBXBuildFile; fileRef = 5AD11AEB2EBCAC2100881D51 /* MailHelperExtension.appex */; settings = {ATTRIBUTES = (RemoveHeadersOnCopy, ); }; };
		63654992E5B34382AE3799B6 /* BetterMail.app in Frameworks */ = {isa = PBXBuildFile; fileRef = 5AD2C65B2EBB0927004783B6 /* BetterMail.app */; };
		CA32DC8C96F34952A33D8F16 /* XCTest.framework in Frameworks */ = {isa = PBXBuildFile; fileRef = 08CE01DE8A1C40779BF22717 /* XCTest.framework */; };
/* End PBXBuildFile section */

/* Begin PBXContainerItemProxy section */
		1F4D4D6BD8D742A7BBD59F27 /* PBXContainerItemProxy */ = {
			isa = PBXContainerItemProxy;
			containerPortal = 5AD2C6532EBB0927004783B6 /* Project object */;
			proxyType = 1;
			remoteGlobalIDString = 5AD2C65A2EBB0927004783B6;
			remoteInfo = BetterMail;
		};
		5AD11B022EBCAC2100881D51 /* PBXContainerItemProxy */ = {
			isa = PBXContainerItemProxy;
			containerPortal = 5AD2C6532EBB0927004783B6 /* Project object */;
			proxyType = 1;
			remoteGlobalIDString = 5AD11AEA2EBCAC2100881D51;
			remoteInfo = MailHelperExtension;
		};
/* End PBXContainerItemProxy section */

/* Begin PBXCopyFilesBuildPhase section */
		5AD2C68B2EBB4B40004783B6 /* Embed Foundation Extensions */ = {
			isa = PBXCopyFilesBuildPhase;
			buildActionMask = 2147483647;
			dstPath = "";
			dstSubfolderSpec = 13;
			files = (
				5AD11B042EBCAC2100881D51 /* MailHelperExtension.appex in Embed Foundation Extensions */,
			);
			name = "Embed Foundation Extensions";
			runOnlyForDeploymentPostprocessing = 0;
		};
/* End PBXCopyFilesBuildPhase section */

/* Begin PBXFileReference section */
		08CE01DE8A1C40779BF22717 /* XCTest.framework */ = {isa = PBXFileReference; lastKnownFileType = wrapper.framework; name = XCTest.framework; path = System/Library/Frameworks/XCTest.framework; sourceTree = SDKROOT; };
		3C49E9582D184F838AB8DF93 /* BetterMailTests.xctest */ = {isa = PBXFileReference; explicitFileType = wrapper.cfbundle; includeInIndex = 0; path = BetterMailTests.xctest; sourceTree = BUILT_PRODUCTS_DIR; };
		5AD11AEB2EBCAC2100881D51 /* MailHelperExtension.appex */ = {isa = PBXFileReference; explicitFileType = "wrapper.app-extension"; includeInIndex = 0; path = MailHelperExtension.appex; sourceTree = BUILT_PRODUCTS_DIR; };
		5AD2C65B2EBB0927004783B6 /* BetterMail.app */ = {isa = PBXFileReference; explicitFileType = wrapper.application; includeInIndex = 0; path = BetterMail.app; sourceTree = BUILT_PRODUCTS_DIR; };
		5AE0F0012EE03E570066A869 /* AppSigning.xcconfig */ = {isa = PBXFileReference; lastKnownFileType = text.xcconfig; path = AppSigning.xcconfig; sourceTree = "<group>"; };
		5AE0F0022EE03E570066A869 /* AppSigning.xcconfig.example */ = {isa = PBXFileReference; lastKnownFileType = text.xcconfig; path = AppSigning.xcconfig.example; sourceTree = "<group>"; };
		5AE0F0032EE03E570066A869 /* ExtensionSigning.xcconfig */ = {isa = PBXFileReference; lastKnownFileType = text.xcconfig; path = ExtensionSigning.xcconfig; sourceTree = "<group>"; };
		5AE0F0042EE03E570066A869 /* ExtensionSigning.xcconfig.example */ = {isa = PBXFileReference; lastKnownFileType = text.xcconfig; path = ExtensionSigning.xcconfig.example; sourceTree = "<group>"; };
		5B28F8B02F0B1F0E007D1200 /* BetterMail/Resources/Localizable.strings */ = {isa = PBXFileReference; lastKnownFileType = text.plist.strings; path = BetterMail/Resources/Localizable.strings; sourceTree = SOURCE_ROOT; };
		C6A460031A694DB9BB57CE72 /* Tests/ThreadCanvasLayoutTests.swift */ = {isa = PBXFileReference; lastKnownFileType = sourcecode.swift; path = Tests/ThreadCanvasLayoutTests.swift; sourceTree = SOURCE_ROOT; };
/* End PBXFileReference section */

/* Begin PBXFileSystemSynchronizedBuildFileExceptionSet section */
		5A72DE032F2B6FFC005BB9E6 /* Exceptions for "BetterMail" folder in "BetterMail" target */ = {
			isa = PBXFileSystemSynchronizedBuildFileExceptionSet;
			membershipExceptions = (
				AGENTS.md,
				"openspec/changes/add-inspector-summary-regen-buttons/proposal.md",
				"openspec/changes/add-inspector-summary-regen-buttons/specs/apple-intelligence-summaries/spec.md",
				"openspec/changes/add-inspector-summary-regen-buttons/specs/thread-canvas/spec.md",
			);
			target = 5AD2C65A2EBB0927004783B6 /* BetterMail */;
		};
		5AD11B052EBCAC2100881D51 /* Exceptions for "MailHelperExtension" folder in "MailHelperExtension" target */ = {
			isa = PBXFileSystemSynchronizedBuildFileExceptionSet;
			membershipExceptions = (
				Info.plist,
			);
			target = 5AD11AEA2EBCAC2100881D51 /* MailHelperExtension */;
		};
/* End PBXFileSystemSynchronizedBuildFileExceptionSet section */

/* Begin PBXFileSystemSynchronizedRootGroup section */
		5AD11AEC2EBCAC2100881D51 /* MailHelperExtension */ = {
			isa = PBXFileSystemSynchronizedRootGroup;
			exceptions = (
				5AD11B052EBCAC2100881D51 /* Exceptions for "MailHelperExtension" folder in "MailHelperExtension" target */,
			);
			path = MailHelperExtension;
			sourceTree = "<group>";
		};
		5AD2C65D2EBB0927004783B6 /* BetterMail */ = {
			isa = PBXFileSystemSynchronizedRootGroup;
			exceptions = (
				5A72DE032F2B6FFC005BB9E6 /* Exceptions for "BetterMail" folder in "BetterMail" target */,
			);
			path = BetterMail;
			sourceTree = "<group>";
		};
/* End PBXFileSystemSynchronizedRootGroup section */

/* Begin PBXFrameworksBuildPhase section */
		5AD11AE82EBCAC2100881D51 /* Frameworks */ = {
			isa = PBXFrameworksBuildPhase;
			buildActionMask = 2147483647;
			files = (
			);
			runOnlyForDeploymentPostprocessing = 0;
		};
		5AD2C6582EBB0927004783B6 /* Frameworks */ = {
			isa = PBXFrameworksBuildPhase;
			buildActionMask = 2147483647;
			files = (
			);
			runOnlyForDeploymentPostprocessing = 0;
		};
		CCF3839BCE1C4FF69B2643C9 /* Frameworks */ = {
			isa = PBXFrameworksBuildPhase;
			buildActionMask = 2147483647;
			files = (
				63654992E5B34382AE3799B6 /* BetterMail.app in Frameworks */,
				CA32DC8C96F34952A33D8F16 /* XCTest.framework in Frameworks */,
			);
			runOnlyForDeploymentPostprocessing = 0;
		};
/* End PBXFrameworksBuildPhase section */

/* Begin PBXGroup section */
		5247F506B4884367A16A6E10 /* Tests */ = {
			isa = PBXGroup;
			children = (
				C6A460031A694DB9BB57CE72 /* Tests/ThreadCanvasLayoutTests.swift */,
			);
			path = Tests;
			sourceTree = "<group>";
		};
		5AD2C6522EBB0927004783B6 = {
			isa = PBXGroup;
			children = (
				5AD2C65D2EBB0927004783B6 /* BetterMail */,
				5AD11AEC2EBCAC2100881D51 /* MailHelperExtension */,
				5247F506B4884367A16A6E10 /* Tests */,
				5AE0F0052EE03E570066A869 /* Config */,
				DB69B8C6F09949F79A24D79C /* Frameworks */,
				5AD2C65C2EBB0927004783B6 /* Products */,
				5AFEAE5F2F0B9FB1000F0929 /* Recovered References */,
			);
			sourceTree = "<group>";
		};
		5AD2C65C2EBB0927004783B6 /* Products */ = {
			isa = PBXGroup;
			children = (
				5AD2C65B2EBB0927004783B6 /* BetterMail.app */,
				5AD11AEB2EBCAC2100881D51 /* MailHelperExtension.appex */,
				3C49E9582D184F838AB8DF93 /* BetterMailTests.xctest */,
			);
			name = Products;
			sourceTree = "<group>";
		};
		5AE0F0052EE03E570066A869 /* Config */ = {
			isa = PBXGroup;
			children = (
				5AE0F0012EE03E570066A869 /* AppSigning.xcconfig */,
				5AE0F0022EE03E570066A869 /* AppSigning.xcconfig.example */,
				5AE0F0032EE03E570066A869 /* ExtensionSigning.xcconfig */,
				5AE0F0042EE03E570066A869 /* ExtensionSigning.xcconfig.example */,
			);
			path = Config;
			sourceTree = "<group>";
		};
		5AFEAE5F2F0B9FB1000F0929 /* Recovered References */ = {
			isa = PBXGroup;
			children = (
				5B28F8B02F0B1F0E007D1200 /* BetterMail/Resources/Localizable.strings */,
			);
			name = "Recovered References";
			sourceTree = "<group>";
		};
		DB69B8C6F09949F79A24D79C /* Frameworks */ = {
			isa = PBXGroup;
			children = (
				08CE01DE8A1C40779BF22717 /* XCTest.framework */,
			);
			name = Frameworks;
			sourceTree = "<group>";
		};
/* End PBXGroup section */

/* Begin PBXNativeTarget section */
		5AD11AEA2EBCAC2100881D51 /* MailHelperExtension */ = {
			isa = PBXNativeTarget;
			buildConfigurationList = 5AD11B062EBCAC2100881D51 /* Build configuration list for PBXNativeTarget "MailHelperExtension" */;
			buildPhases = (
				5AD11AE72EBCAC2100881D51 /* Sources */,
				5AD11AE82EBCAC2100881D51 /* Frameworks */,
				5AD11AE92EBCAC2100881D51 /* Resources */,
			);
			buildRules = (
			);
			dependencies = (
			);
			fileSystemSynchronizedGroups = (
				5AD11AEC2EBCAC2100881D51 /* MailHelperExtension */,
			);
			name = MailHelperExtension;
			packageProductDependencies = (
			);
			productName = MailHelperExtension;
			productReference = 5AD11AEB2EBCAC2100881D51 /* MailHelperExtension.appex */;
			productType = "com.apple.product-type.app-extension";
		};
		5AD2C65A2EBB0927004783B6 /* BetterMail */ = {
			isa = PBXNativeTarget;
			buildConfigurationList = 5AD2C6662EBB092A004783B6 /* Build configuration list for PBXNativeTarget "BetterMail" */;
			buildPhases = (
				5AD2C6572EBB0927004783B6 /* Sources */,
				5AD2C6582EBB0927004783B6 /* Frameworks */,
				5AD2C6592EBB0927004783B6 /* Resources */,
				5AD2C68B2EBB4B40004783B6 /* Embed Foundation Extensions */,
			);
			buildRules = (
			);
			dependencies = (
				5AD11B032EBCAC2100881D51 /* PBXTargetDependency */,
			);
			fileSystemSynchronizedGroups = (
				5AD2C65D2EBB0927004783B6 /* BetterMail */,
			);
			name = BetterMail;
			packageProductDependencies = (
			);
			productName = BetterMail;
			productReference = 5AD2C65B2EBB0927004783B6 /* BetterMail.app */;
			productType = "com.apple.product-type.application";
		};
		C3DC12E18E95447DA7AF601B /* BetterMailTests */ = {
			isa = PBXNativeTarget;
			buildConfigurationList = B60B31BB706F4566A71904C2 /* Build configuration list for PBXNativeTarget "BetterMailTests" */;
			buildPhases = (
				979F9052C49F412CBB8DC0BE /* Sources */,
				CCF3839BCE1C4FF69B2643C9 /* Frameworks */,
				872C431E44D644BEBDAA453E /* Resources */,
			);
			buildRules = (
			);
			dependencies = (
				0F506E5B5A3A4292A3BF361F /* PBXTargetDependency */,
			);
			name = BetterMailTests;
			packageProductDependencies = (
			);
			productName = BetterMailTests;
			productReference = 3C49E9582D184F838AB8DF93 /* BetterMailTests.xctest */;
			productType = "com.apple.product-type.bundle.unit-test";
		};
/* End PBXNativeTarget section */

/* Begin PBXProject section */
		5AD2C6532EBB0927004783B6 /* Project object */ = {
			isa = PBXProject;
			attributes = {
				BuildIndependentTargetsInParallel = 1;
				LastSwiftUpdateCheck = 2600;
				LastUpgradeCheck = 2600;
				TargetAttributes = {
					5AD11AEA2EBCAC2100881D51 = {
						CreatedOnToolsVersion = 26.0;
					};
					5AD2C65A2EBB0927004783B6 = {
						CreatedOnToolsVersion = 26.0;
					};
					C3DC12E18E95447DA7AF601B = {
						CreatedOnToolsVersion = 26.0;
					};
				};
			};
			buildConfigurationList = 5AD2C6562EBB0927004783B6 /* Build configuration list for PBXProject "BetterMail" */;
			developmentRegion = en;
			hasScannedForEncodings = 0;
			knownRegions = (
				en,
				Base,
			);
			mainGroup = 5AD2C6522EBB0927004783B6;
			minimizedProjectReferenceProxies = 1;
			preferredProjectObjectVersion = 77;
			productRefGroup = 5AD2C65C2EBB0927004783B6 /* Products */;
			projectDirPath = "";
			projectRoot = "";
			targets = (
				5AD2C65A2EBB0927004783B6 /* BetterMail */,
				5AD11AEA2EBCAC2100881D51 /* MailHelperExtension */,
				C3DC12E18E95447DA7AF601B /* BetterMailTests */,
			);
		};
/* End PBXProject section */

/* Begin PBXResourcesBuildPhase section */
		5AD11AE92EBCAC2100881D51 /* Resources */ = {
			isa = PBXResourcesBuildPhase;
			buildActionMask = 2147483647;
			files = (
			);
			runOnlyForDeploymentPostprocessing = 0;
		};
		5AD2C6592EBB0927004783B6 /* Resources */ = {
			isa = PBXResourcesBuildPhase;
			buildActionMask = 2147483647;
			files = (
			);
			runOnlyForDeploymentPostprocessing = 0;
		};
		872C431E44D644BEBDAA453E /* Resources */ = {
			isa = PBXResourcesBuildPhase;
			buildActionMask = 2147483647;
			files = (
			);
			runOnlyForDeploymentPostprocessing = 0;
		};
/* End PBXResourcesBuildPhase section */

/* Begin PBXSourcesBuildPhase section */
		5AD11AE72EBCAC2100881D51 /* Sources */ = {
			isa = PBXSourcesBuildPhase;
			buildActionMask = 2147483647;
			files = (
			);
			runOnlyForDeploymentPostprocessing = 0;
		};
		5AD2C6572EBB0927004783B6 /* Sources */ = {
			isa = PBXSourcesBuildPhase;
			buildActionMask = 2147483647;
			files = (
			);
			runOnlyForDeploymentPostprocessing = 0;
		};
		979F9052C49F412CBB8DC0BE /* Sources */ = {
			isa = PBXSourcesBuildPhase;
			buildActionMask = 2147483647;
			files = (
				22F837F5A55C486AB0F0F200 /* Tests/ThreadCanvasLayoutTests.swift in Sources */,
			);
			runOnlyForDeploymentPostprocessing = 0;
		};
/* End PBXSourcesBuildPhase section */

/* Begin PBXTargetDependency section */
		0F506E5B5A3A4292A3BF361F /* PBXTargetDependency */ = {
			isa = PBXTargetDependency;
			target = 5AD2C65A2EBB0927004783B6 /* BetterMail */;
			targetProxy = 1F4D4D6BD8D742A7BBD59F27 /* PBXContainerItemProxy */;
		};
		5AD11B032EBCAC2100881D51 /* PBXTargetDependency */ = {
			isa = PBXTargetDependency;
			target = 5AD11AEA2EBCAC2100881D51 /* MailHelperExtension */;
			targetProxy = 5AD11B022EBCAC2100881D51 /* PBXContainerItemProxy */;
		};
/* End PBXTargetDependency section */

/* Begin XCBuildConfiguration section */
		2F88B17572AC4024AF30C5B0 /* Release */ = {
			isa = XCBuildConfiguration;
			baseConfigurationReference = 5AE0F0012EE03E570066A869 /* AppSigning.xcconfig */;
			buildSettings = {
				ALWAYS_SEARCH_USER_PATHS = NO;
				BUNDLE_LOADER = "$(TEST_HOST)";
				CODE_SIGN_STYLE = Automatic;
				CURRENT_PROJECT_VERSION = 1;
				DEVELOPMENT_TEAM = "$(DEVELOPMENT_TEAM_ID)";
				GENERATE_INFOPLIST_FILE = YES;
				INFOPLIST_KEY_CFBundleDisplayName = BetterMailTests;
				LD_RUNPATH_SEARCH_PATHS = (
					"$(inherited)",
					"@executable_path/../Frameworks",
					"@loader_path/../Frameworks",
				);
				MACOSX_DEPLOYMENT_TARGET = 26.0;
				MARKETING_VERSION = 1.0;
				PRODUCT_BUNDLE_IDENTIFIER = com.bettermail.BetterMailTests;
				PRODUCT_NAME = "$(TARGET_NAME)";
				SDKROOT = macosx26.2;
				SWIFT_VERSION = 5.0;
				TEST_HOST = "$(BUILT_PRODUCTS_DIR)/BetterMail.app/Contents/MacOS/BetterMail";
			};
			name = Release;
		};
		5AD11B072EBCAC2100881D51 /* Debug */ = {
			isa = XCBuildConfiguration;
			baseConfigurationReference = 5AE0F0032EE03E570066A869 /* ExtensionSigning.xcconfig */;
			buildSettings = {
				CODE_SIGN_STYLE = Automatic;
				COMBINE_HIDPI_IMAGES = YES;
				CURRENT_PROJECT_VERSION = 1;
				DEVELOPMENT_TEAM = "$(DEVELOPMENT_TEAM_ID)";
				ENABLE_APP_SANDBOX = YES;
				ENABLE_HARDENED_RUNTIME = YES;
				ENABLE_USER_SELECTED_FILES = readonly;
				GENERATE_INFOPLIST_FILE = YES;
				INFOPLIST_FILE = MailHelperExtension/Info.plist;
				INFOPLIST_KEY_CFBundleDisplayName = MailHelperExtension;
				INFOPLIST_KEY_NSHumanReadableCopyright = "";
				LD_RUNPATH_SEARCH_PATHS = (
					"$(inherited)",
					"@executable_path/../Frameworks",
					"@executable_path/../../../../Frameworks",
				);
				MARKETING_VERSION = 1.0;
				PRODUCT_BUNDLE_IDENTIFIER = "$(MAIL_EXTENSION_BUNDLE_ID)";
				PRODUCT_NAME = "$(TARGET_NAME)";
				SKIP_INSTALL = YES;
				STRING_CATALOG_GENERATE_SYMBOLS = YES;
				SWIFT_APPROACHABLE_CONCURRENCY = YES;
				SWIFT_EMIT_LOC_STRINGS = YES;
				SWIFT_UPCOMING_FEATURE_MEMBER_IMPORT_VISIBILITY = YES;
				SWIFT_VERSION = 5.0;
			};
			name = Debug;
		};
		5AD11B082EBCAC2100881D51 /* Release */ = {
			isa = XCBuildConfiguration;
			baseConfigurationReference = 5AE0F0032EE03E570066A869 /* ExtensionSigning.xcconfig */;
			buildSettings = {
				CODE_SIGN_STYLE = Automatic;
				COMBINE_HIDPI_IMAGES = YES;
				CURRENT_PROJECT_VERSION = 1;
				DEVELOPMENT_TEAM = "$(DEVELOPMENT_TEAM_ID)";
				ENABLE_APP_SANDBOX = YES;
				ENABLE_HARDENED_RUNTIME = YES;
				ENABLE_USER_SELECTED_FILES = readonly;
				GENERATE_INFOPLIST_FILE = YES;
				INFOPLIST_FILE = MailHelperExtension/Info.plist;
				INFOPLIST_KEY_CFBundleDisplayName = MailHelperExtension;
				INFOPLIST_KEY_NSHumanReadableCopyright = "";
				LD_RUNPATH_SEARCH_PATHS = (
					"$(inherited)",
					"@executable_path/../Frameworks",
					"@executable_path/../../../../Frameworks",
				);
				MARKETING_VERSION = 1.0;
				PRODUCT_BUNDLE_IDENTIFIER = "$(MAIL_EXTENSION_BUNDLE_ID)";
				PRODUCT_NAME = "$(TARGET_NAME)";
				SKIP_INSTALL = YES;
				STRING_CATALOG_GENERATE_SYMBOLS = YES;
				SWIFT_APPROACHABLE_CONCURRENCY = YES;
				SWIFT_EMIT_LOC_STRINGS = YES;
				SWIFT_UPCOMING_FEATURE_MEMBER_IMPORT_VISIBILITY = YES;
				SWIFT_VERSION = 5.0;
			};
			name = Release;
		};
		5AD2C6642EBB092A004783B6 /* Debug */ = {
			isa = XCBuildConfiguration;
			buildSettings = {
				ALWAYS_SEARCH_USER_PATHS = NO;
				ASSETCATALOG_COMPILER_GENERATE_SWIFT_ASSET_SYMBOL_EXTENSIONS = YES;
				CLANG_ANALYZER_NONNULL = YES;
				CLANG_ANALYZER_NUMBER_OBJECT_CONVERSION = YES_AGGRESSIVE;
				CLANG_CXX_LANGUAGE_STANDARD = "gnu++20";
				CLANG_ENABLE_MODULES = YES;
				CLANG_ENABLE_OBJC_ARC = YES;
				CLANG_ENABLE_OBJC_WEAK = YES;
				CLANG_WARN_BLOCK_CAPTURE_AUTORELEASING = YES;
				CLANG_WARN_BOOL_CONVERSION = YES;
				CLANG_WARN_COMMA = YES;
				CLANG_WARN_CONSTANT_CONVERSION = YES;
				CLANG_WARN_DEPRECATED_OBJC_IMPLEMENTATIONS = YES;
				CLANG_WARN_DIRECT_OBJC_ISA_USAGE = YES_ERROR;
				CLANG_WARN_DOCUMENTATION_COMMENTS = YES;
				CLANG_WARN_EMPTY_BODY = YES;
				CLANG_WARN_ENUM_CONVERSION = YES;
				CLANG_WARN_INFINITE_RECURSION = YES;
				CLANG_WARN_INT_CONVERSION = YES;
				CLANG_WARN_NON_LITERAL_NULL_CONVERSION = YES;
				CLANG_WARN_OBJC_IMPLICIT_RETAIN_SELF = YES;
				CLANG_WARN_OBJC_LITERAL_CONVERSION = YES;
				CLANG_WARN_OBJC_ROOT_CLASS = YES_ERROR;
				CLANG_WARN_QUOTED_INCLUDE_IN_FRAMEWORK_HEADER = YES;
				CLANG_WARN_RANGE_LOOP_ANALYSIS = YES;
				CLANG_WARN_STRICT_PROTOTYPES = YES;
				CLANG_WARN_SUSPICIOUS_MOVE = YES;
				CLANG_WARN_UNGUARDED_AVAILABILITY = YES_AGGRESSIVE;
				CLANG_WARN_UNREACHABLE_CODE = YES;
				CLANG_WARN__DUPLICATE_METHOD_MATCH = YES;
				CODE_SIGN_ENTITLEMENTS = BetterMail/BetterMail.entitlements;
				COPY_PHASE_STRIP = NO;
				DEBUG_INFORMATION_FORMAT = dwarf;
				ENABLE_STRICT_OBJC_MSGSEND = YES;
				ENABLE_TESTABILITY = YES;
				ENABLE_USER_SCRIPT_SANDBOXING = YES;
				GCC_C_LANGUAGE_STANDARD = gnu17;
				GCC_DYNAMIC_NO_PIC = NO;
				GCC_NO_COMMON_BLOCKS = YES;
				GCC_OPTIMIZATION_LEVEL = 0;
				GCC_PREPROCESSOR_DEFINITIONS = (
					"DEBUG=1",
					"$(inherited)",
				);
				GCC_WARN_64_TO_32_BIT_CONVERSION = YES;
				GCC_WARN_ABOUT_RETURN_TYPE = YES_ERROR;
				GCC_WARN_UNDECLARED_SELECTOR = YES;
				GCC_WARN_UNINITIALIZED_AUTOS = YES_AGGRESSIVE;
				GCC_WARN_UNUSED_FUNCTION = YES;
				GCC_WARN_UNUSED_VARIABLE = YES;
				INFOPLIST_KEY_NSAppleEventsUsageDescription = "BetterMail uses AppleScript to control Mail.";
				LOCALIZATION_PREFERS_STRING_CATALOGS = YES;
				MACOSX_DEPLOYMENT_TARGET = 26.0;
				MTL_ENABLE_DEBUG_INFO = INCLUDE_SOURCE;
				MTL_FAST_MATH = YES;
				ONLY_ACTIVE_ARCH = YES;
				SDKROOT = macosx26.2;
				SWIFT_ACTIVE_COMPILATION_CONDITIONS = "DEBUG $(inherited)";
				SWIFT_OPTIMIZATION_LEVEL = "-Onone";
			};
			name = Debug;
		};
		5AD2C6652EBB092A004783B6 /* Release */ = {
			isa = XCBuildConfiguration;
			buildSettings = {
				ALWAYS_SEARCH_USER_PATHS = NO;
				ASSETCATALOG_COMPILER_GENERATE_SWIFT_ASSET_SYMBOL_EXTENSIONS = YES;
				CLANG_ANALYZER_NONNULL = YES;
				CLANG_ANALYZER_NUMBER_OBJECT_CONVERSION = YES_AGGRESSIVE;
				CLANG_CXX_LANGUAGE_STANDARD = "gnu++20";
				CLANG_ENABLE_MODULES = YES;
				CLANG_ENABLE_OBJC_ARC = YES;
				CLANG_ENABLE_OBJC_WEAK = YES;
				CLANG_WARN_BLOCK_CAPTURE_AUTORELEASING = YES;
				CLANG_WARN_BOOL_CONVERSION = YES;
				CLANG_WARN_COMMA = YES;
				CLANG_WARN_CONSTANT_CONVERSION = YES;
				CLANG_WARN_DEPRECATED_OBJC_IMPLEMENTATIONS = YES;
				CLANG_WARN_DIRECT_OBJC_ISA_USAGE = YES_ERROR;
				CLANG_WARN_DOCUMENTATION_COMMENTS = YES;
				CLANG_WARN_EMPTY_BODY = YES;
				CLANG_WARN_ENUM_CONVERSION = YES;
				CLANG_WARN_INFINITE_RECURSION = YES;
				CLANG_WARN_INT_CONVERSION = YES;
				CLANG_WARN_NON_LITERAL_NULL_CONVERSION = YES;
				CLANG_WARN_OBJC_IMPLICIT_RETAIN_SELF = YES;
				CLANG_WARN_OBJC_LITERAL_CONVERSION = YES;
				CLANG_WARN_OBJC_ROOT_CLASS = YES_ERROR;
				CLANG_WARN_QUOTED_INCLUDE_IN_FRAMEWORK_HEADER = YES;
				CLANG_WARN_RANGE_LOOP_ANALYSIS = YES;
				CLANG_WARN_STRICT_PROTOTYPES = YES;
				CLANG_WARN_SUSPICIOUS_MOVE = YES;
				CLANG_WARN_UNGUARDED_AVAILABILITY = YES_AGGRESSIVE;
				CLANG_WARN_UNREACHABLE_CODE = YES;
				CLANG_WARN__DUPLICATE_METHOD_MATCH = YES;
				CODE_SIGN_ENTITLEMENTS = BetterMail/BetterMail.entitlements;
				COPY_PHASE_STRIP = NO;
				DEBUG_INFORMATION_FORMAT = "dwarf-with-dsym";
				ENABLE_NS_ASSERTIONS = NO;
				ENABLE_STRICT_OBJC_MSGSEND = YES;
				ENABLE_USER_SCRIPT_SANDBOXING = YES;
				GCC_C_LANGUAGE_STANDARD = gnu17;
				GCC_NO_COMMON_BLOCKS = YES;
				GCC_WARN_64_TO_32_BIT_CONVERSION = YES;
				GCC_WARN_ABOUT_RETURN_TYPE = YES_ERROR;
				GCC_WARN_UNDECLARED_SELECTOR = YES;
				GCC_WARN_UNINITIALIZED_AUTOS = YES_AGGRESSIVE;
				GCC_WARN_UNUSED_FUNCTION = YES;
				GCC_WARN_UNUSED_VARIABLE = YES;
				INFOPLIST_KEY_NSAppleEventsUsageDescription = "BetterMail uses AppleScript to control Mail.";
				LOCALIZATION_PREFERS_STRING_CATALOGS = YES;
				MACOSX_DEPLOYMENT_TARGET = 26.0;
				MTL_ENABLE_DEBUG_INFO = NO;
				MTL_FAST_MATH = YES;
				SDKROOT = macosx26.2;
				SWIFT_COMPILATION_MODE = wholemodule;
			};
			name = Release;
		};
		5AD2C6672EBB092A004783B6 /* Debug */ = {
			isa = XCBuildConfiguration;
			baseConfigurationReference = 5AE0F0012EE03E570066A869 /* AppSigning.xcconfig */;
			buildSettings = {
				ASSETCATALOG_COMPILER_APPICON_NAME = AppIcon;
				ASSETCATALOG_COMPILER_GLOBAL_ACCENT_COLOR_NAME = AccentColor;
				AUTOMATION_APPLE_EVENTS = YES;
				CODE_SIGN_IDENTITY = "Apple Development";
				"CODE_SIGN_IDENTITY[sdk=macosx*]" = "Apple Development";
				CODE_SIGN_STYLE = Automatic;
				COMBINE_HIDPI_IMAGES = YES;
				CURRENT_PROJECT_VERSION = 1;
				DEVELOPMENT_TEAM = "$(DEVELOPMENT_TEAM_ID)";
				ENABLE_APP_SANDBOX = YES;
				ENABLE_HARDENED_RUNTIME = YES;
				ENABLE_INCOMING_NETWORK_CONNECTIONS = NO;
				ENABLE_OUTGOING_NETWORK_CONNECTIONS = NO;
				ENABLE_PREVIEWS = YES;
				ENABLE_RESOURCE_ACCESS_AUDIO_INPUT = NO;
				ENABLE_RESOURCE_ACCESS_BLUETOOTH = NO;
				ENABLE_RESOURCE_ACCESS_CALENDARS = NO;
				ENABLE_RESOURCE_ACCESS_CAMERA = NO;
				ENABLE_RESOURCE_ACCESS_CONTACTS = NO;
				ENABLE_RESOURCE_ACCESS_LOCATION = NO;
				ENABLE_RESOURCE_ACCESS_PHOTO_LIBRARY = NO;
				ENABLE_RESOURCE_ACCESS_PRINTING = NO;
				ENABLE_RESOURCE_ACCESS_USB = NO;
				ENABLE_USER_SELECTED_FILES = readwrite;
				GENERATE_INFOPLIST_FILE = YES;
				INFOPLIST_KEY_NSHumanReadableCopyright = "";
				LD_RUNPATH_SEARCH_PATHS = (
					"$(inherited)",
					"@executable_path/../Frameworks",
				);
				MARKETING_VERSION = 1.0;
				PRODUCT_BUNDLE_IDENTIFIER = "$(BETTERMAIL_BUNDLE_ID)";
				PRODUCT_NAME = "$(TARGET_NAME)";
				PROVISIONING_PROFILE_SPECIFIER = "";
				REGISTER_APP_GROUPS = YES;
				RUNTIME_EXCEPTION_ALLOW_DYLD_ENVIRONMENT_VARIABLES = NO;
				RUNTIME_EXCEPTION_ALLOW_JIT = NO;
				RUNTIME_EXCEPTION_ALLOW_UNSIGNED_EXECUTABLE_MEMORY = NO;
				RUNTIME_EXCEPTION_DEBUGGING_TOOL = NO;
				RUNTIME_EXCEPTION_DISABLE_EXECUTABLE_PAGE_PROTECTION = NO;
				RUNTIME_EXCEPTION_DISABLE_LIBRARY_VALIDATION = NO;
				STRING_CATALOG_GENERATE_SYMBOLS = YES;
				SWIFT_APPROACHABLE_CONCURRENCY = YES;
				SWIFT_DEFAULT_ACTOR_ISOLATION = MainActor;
				SWIFT_EMIT_LOC_STRINGS = YES;
				SWIFT_UPCOMING_FEATURE_MEMBER_IMPORT_VISIBILITY = YES;
				SWIFT_VERSION = 5.0;
			};
			name = Debug;
		};
		5AD2C6682EBB092A004783B6 /* Release */ = {
			isa = XCBuildConfiguration;
			baseConfigurationReference = 5AE0F0012EE03E570066A869 /* AppSigning.xcconfig */;
			buildSettings = {
				ASSETCATALOG_COMPILER_APPICON_NAME = AppIcon;
				ASSETCATALOG_COMPILER_GLOBAL_ACCENT_COLOR_NAME = AccentColor;
				AUTOMATION_APPLE_EVENTS = YES;
				CODE_SIGN_IDENTITY = "Apple Development";
				"CODE_SIGN_IDENTITY[sdk=macosx*]" = "Apple Development";
				CODE_SIGN_STYLE = Automatic;
				COMBINE_HIDPI_IMAGES = YES;
				CURRENT_PROJECT_VERSION = 1;
				DEVELOPMENT_TEAM = "$(DEVELOPMENT_TEAM_ID)";
				ENABLE_APP_SANDBOX = YES;
				ENABLE_HARDENED_RUNTIME = YES;
				ENABLE_INCOMING_NETWORK_CONNECTIONS = NO;
				ENABLE_OUTGOING_NETWORK_CONNECTIONS = NO;
				ENABLE_PREVIEWS = YES;
				ENABLE_RESOURCE_ACCESS_AUDIO_INPUT = NO;
				ENABLE_RESOURCE_ACCESS_BLUETOOTH = NO;
				ENABLE_RESOURCE_ACCESS_CALENDARS = NO;
				ENABLE_RESOURCE_ACCESS_CAMERA = NO;
				ENABLE_RESOURCE_ACCESS_CONTACTS = NO;
				ENABLE_RESOURCE_ACCESS_LOCATION = NO;
				ENABLE_RESOURCE_ACCESS_PHOTO_LIBRARY = NO;
				ENABLE_RESOURCE_ACCESS_PRINTING = NO;
				ENABLE_RESOURCE_ACCESS_USB = NO;
				ENABLE_USER_SELECTED_FILES = readwrite;
				GENERATE_INFOPLIST_FILE = YES;
				INFOPLIST_KEY_NSHumanReadableCopyright = "";
				LD_RUNPATH_SEARCH_PATHS = (
					"$(inherited)",
					"@executable_path/../Frameworks",
				);
				MARKETING_VERSION = 1.0;
				PRODUCT_BUNDLE_IDENTIFIER = "$(BETTERMAIL_BUNDLE_ID)";
				PRODUCT_NAME = "$(TARGET_NAME)";
				PROVISIONING_PROFILE_SPECIFIER = "";
				REGISTER_APP_GROUPS = YES;
				RUNTIME_EXCEPTION_ALLOW_DYLD_ENVIRONMENT_VARIABLES = NO;
				RUNTIME_EXCEPTION_ALLOW_JIT = NO;
				RUNTIME_EXCEPTION_ALLOW_UNSIGNED_EXECUTABLE_MEMORY = NO;
				RUNTIME_EXCEPTION_DEBUGGING_TOOL = NO;
				RUNTIME_EXCEPTION_DISABLE_EXECUTABLE_PAGE_PROTECTION = NO;
				RUNTIME_EXCEPTION_DISABLE_LIBRARY_VALIDATION = NO;
				STRING_CATALOG_GENERATE_SYMBOLS = YES;
				SWIFT_APPROACHABLE_CONCURRENCY = YES;
				SWIFT_DEFAULT_ACTOR_ISOLATION = MainActor;
				SWIFT_EMIT_LOC_STRINGS = YES;
				SWIFT_UPCOMING_FEATURE_MEMBER_IMPORT_VISIBILITY = YES;
				SWIFT_VERSION = 5.0;
			};
			name = Release;
		};
		B1EF96DA6D784F3A80B8D99A /* Debug */ = {
			isa = XCBuildConfiguration;
			baseConfigurationReference = 5AE0F0012EE03E570066A869 /* AppSigning.xcconfig */;
			buildSettings = {
				ALWAYS_SEARCH_USER_PATHS = NO;
				BUNDLE_LOADER = "$(TEST_HOST)";
				CODE_SIGN_STYLE = Automatic;
				CURRENT_PROJECT_VERSION = 1;
				DEVELOPMENT_TEAM = "$(DEVELOPMENT_TEAM_ID)";
				ENABLE_TESTABILITY = YES;
				GENERATE_INFOPLIST_FILE = YES;
				INFOPLIST_KEY_CFBundleDisplayName = BetterMailTests;
				LD_RUNPATH_SEARCH_PATHS = (
					"$(inherited)",
					"@executable_path/../Frameworks",
					"@loader_path/../Frameworks",
				);
				MACOSX_DEPLOYMENT_TARGET = 26.0;
				MARKETING_VERSION = 1.0;
				PRODUCT_BUNDLE_IDENTIFIER = com.bettermail.BetterMailTests;
				PRODUCT_NAME = "$(TARGET_NAME)";
				SDKROOT = macosx26.2;
				SWIFT_ACTIVE_COMPILATION_CONDITIONS = "DEBUG $(inherited)";
				SWIFT_VERSION = 5.0;
				TEST_HOST = "$(BUILT_PRODUCTS_DIR)/BetterMail.app/Contents/MacOS/BetterMail";
			};
			name = Debug;
		};
/* End XCBuildConfiguration section */

/* Begin XCConfigurationList section */
		5AD11B062EBCAC2100881D51 /* Build configuration list for PBXNativeTarget "MailHelperExtension" */ = {
			isa = XCConfigurationList;
			buildConfigurations = (
				5AD11B072EBCAC2100881D51 /* Debug */,
				5AD11B082EBCAC2100881D51 /* Release */,
			);
			defaultConfigurationIsVisible = 0;
			defaultConfigurationName = Release;
		};
		5AD2C6562EBB0927004783B6 /* Build configuration list for PBXProject "BetterMail" */ = {
			isa = XCConfigurationList;
			buildConfigurations = (
				5AD2C6642EBB092A004783B6 /* Debug */,
				5AD2C6652EBB092A004783B6 /* Release */,
			);
			defaultConfigurationIsVisible = 0;
			defaultConfigurationName = Release;
		};
		5AD2C6662EBB092A004783B6 /* Build configuration list for PBXNativeTarget "BetterMail" */ = {
			isa = XCConfigurationList;
			buildConfigurations = (
				5AD2C6672EBB092A004783B6 /* Debug */,
				5AD2C6682EBB092A004783B6 /* Release */,
			);
			defaultConfigurationIsVisible = 0;
			defaultConfigurationName = Release;
		};
		B60B31BB706F4566A71904C2 /* Build configuration list for PBXNativeTarget "BetterMailTests" */ = {
			isa = XCConfigurationList;
			buildConfigurations = (
				B1EF96DA6D784F3A80B8D99A /* Debug */,
				2F88B17572AC4024AF30C5B0 /* Release */,
			);
			defaultConfigurationIsVisible = 0;
			defaultConfigurationName = Release;
		};
/* End XCConfigurationList section */
	};
	rootObject = 5AD2C6532EBB0927004783B6 /* Project object */;
}
